
Microsoft Visual Studio Solution File, Format Version 12.00
# Visual Studio Version 17
VisualStudioVersion = 17.9.34714.143
MinimumVisualStudioVersion = 10.0.40219.1
Project("{FAE04EC0-301F-11D3-BF4B-00C04F79EFBC}") = "ConsoleAppChild", "ConsoleAppChild.csproj", "{08D0F581-6BD4-490B-A313-E7C9026FD01C}"
EndProject
Global
	GlobalSection(SolutionConfigurationPlatforms) = preSolution
		Debug|Any CPU = Debug|Any CPU
		Release|Any CPU = Release|Any CPU
	EndGlobalSection
	GlobalSection(ProjectConfigurationPlatforms) = postSolution
		{08D0F581-6BD4-490B-A313-E7C9026FD01C}.Debug|Any CPU.ActiveCfg = Debug|Any CPU
		{08D0F581-6BD4-490B-A313-E7C9026FD01C}.Debug|Any CPU.Build.0 = Debug|Any CPU
		{08D0F581-6BD4-490B-A313-E7C9026FD01C}.Release|Any CPU.ActiveCfg = Release|Any CPU
		{08D0F581-6BD4-490B-A313-E7C9026FD01C}.Release|Any CPU.Build.0 = Release|Any CPU
	EndGlobalSection
	GlobalSection(SolutionProperties) = preSolution
		HideSolutionNode = FALSE
	EndGlobalSection
	GlobalSection(ExtensibilityGlobals) = postSolution
		SolutionGuid = {18D28AD8-66BE-4DFE-8139-345D0F566B6F}
	EndGlobalSection
EndGlobal
